<?xml version="1.0" encoding="utf-8"?>
<Project ToolsVersion="4.0" xmlns="http://schemas.microsoft.com/developer/msbuild/2003">
  <ItemGroup>
    <Filter Include="Source Files">
      <UniqueIdentifier>{4FC737F1-C7A5-4376-A066-2A32D752A2FF}</UniqueIdentifier>
      <Extensions>cpp;c;cc;cxx;def;odl;idl;hpj;bat;asm;asmx</Extensions>
    </Filter>
    <Filter Include="Header Files">
      <UniqueIdentifier>{93995380-89BD-4b04-88EB-625FBE52EBFB}</UniqueIdentifier>
      <Extensions>h;hh;hpp;hxx;hm;inl;inc;ipp;xsd</Extensions>
    </Filter>
    <Filter Include="Resource Files">
      <UniqueIdentifier>{67DA6AB6-F800-4c08-8B7A-83BB121AAD01}</UniqueIdentifier>
      <Extensions>rc;ico;cur;bmp;dlg;rc2;rct;bin;rgs;gif;jpg;jpeg;jpe;resx;tiff;tif;png;wav;mfcribbon-ms</Extensions>
    </Filter>
    <Filter Include="binom">
      <UniqueIdentifier>{4f054c38-9d40-47ab-af0b-8e3755a397f2}</UniqueIdentifier>
    </Filter>
    <Filter Include="bubble">
      <UniqueIdentifier>{331157cd-e810-4661-9dc6-6862f391f272}</UniqueIdentifier>
    </Filter>
    <Filter Include="circle">
      <UniqueIdentifier>{a9e82e61-2969-48bf-9f50-4ebf5ee86cec}</UniqueIdentifier>
    </Filter>
    <Filter Include="disktest">
      <UniqueIdentifier>{f81c4727-e348-437e-a9f0-401c5ad23cc9}</UniqueIdentifier>
    </Filter>
    <Filter Include="leds">
      <UniqueIdentifier>{eb5068ac-3ef2-4a59-bba6-2395588d98cb}</UniqueIdentifier>
    </Filter>
    <Filter Include="mulmat">
      <UniqueIdentifier>{fc93f0fd-08d9-4528-97f9-8e756fad0df7}</UniqueIdentifier>
    </Filter>
  </ItemGroup>
  <ItemGroup>
    <None Include="binomnew.asm">
      <Filter>binom</Filter>
    </None>
    <None Include="bubbleNew.asm">
      <Filter>bubble</Filter>
    </None>
    <None Include="circle.asm">
      <Filter>circle</Filter>
    </None>
    <None Include="disktest.asm">
      <Filter>disktest</Filter>
    </None>
    <None Include="leds.asm">
      <Filter>leds</Filter>
    </None>
    <None Include="mulmatNew.asm">
      <Filter>mulmat</Filter>
    </None>
  </ItemGroup>
</Project>